{
  "name": "grocy-docker",
  "version": "3.3.0-0",
  "lockfileVersion": 2,
  "requires": true,
  "packages": {
    "": {
      "version": "3.3.0-0",
      "license": "MIT",
      "devDependencies": {
        "snyk": "^1.744.0"
      }
    },
    "node_modules/snyk": {
      "version": "1.744.0",
      "resolved": "https://registry.npmjs.org/snyk/-/snyk-1.744.0.tgz",
      "integrity": "sha512-tqTyBd7t9m4YPWW4SSXHGsr6v2d36CnwuFj3mEuu8yeJxJPcCLXQuarwhEQqYxDmPjcSfPOzyTw9Gsl+sF0bNg==",
      "dev": true,
      "bin": {
        "snyk": "bin/snyk"
      },
      "engines": {
        "node": ">=10"
      }
    }
  },
  "dependencies": {
    "snyk": {
      "version": "1.744.0",
      "resolved": "https://registry.npmjs.org/snyk/-/snyk-1.744.0.tgz",
      "integrity": "sha512-tqTyBd7t9m4YPWW4SSXHGsr6v2d36CnwuFj3mEuu8yeJxJPcCLXQuarwhEQqYxDmPjcSfPOzyTw9Gsl+sF0bNg==",
      "dev": true
    }
  }
}
